
Microsoft Visual Studio Solution File, Format Version 11.00
# Visual Studio 2010
Project("{FAE04EC0-301F-11D3-BF4B-00C04F79EFBC}") = "Assembly-CSharp", "Assembly-CSharp.csproj", "{24D1C880-1CFF-5EDD-7670-35538ED17122}"
EndProject
Project("{FAE04EC0-301F-11D3-BF4B-00C04F79EFBC}") = "Assembly-CSharp-Editor", "Assembly-CSharp-Editor.csproj", "{FF54A0A6-F764-A726-AAD8-7948E7BC043E}"
EndProject
Global
	GlobalSection(SolutionConfigurationPlatforms) = preSolution
		Debug|Any CPU = Debug|Any CPU
		Release|Any CPU = Release|Any CPU
	EndGlobalSection
	GlobalSection(ProjectConfigurationPlatforms) = postSolution
		{24D1C880-1CFF-5EDD-7670-35538ED17122}.Debug|Any CPU.ActiveCfg = Debug|Any CPU
		{24D1C880-1CFF-5EDD-7670-35538ED17122}.Debug|Any CPU.Build.0 = Debug|Any CPU
		{24D1C880-1CFF-5EDD-7670-35538ED17122}.Release|Any CPU.ActiveCfg = Release|Any CPU
		{24D1C880-1CFF-5EDD-7670-35538ED17122}.Release|Any CPU.Build.0 = Release|Any CPU
		{FF54A0A6-F764-A726-AAD8-7948E7BC043E}.Debug|Any CPU.ActiveCfg = Debug|Any CPU
		{FF54A0A6-F764-A726-AAD8-7948E7BC043E}.Debug|Any CPU.Build.0 = Debug|Any CPU
		{FF54A0A6-F764-A726-AAD8-7948E7BC043E}.Release|Any CPU.ActiveCfg = Release|Any CPU
		{FF54A0A6-F764-A726-AAD8-7948E7BC043E}.Release|Any CPU.Build.0 = Release|Any CPU
	EndGlobalSection
	GlobalSection(SolutionProperties) = preSolution
		HideSolutionNode = FALSE
	EndGlobalSection
	GlobalSection(MonoDevelopProperties) = preSolution
		StartupItem = Assembly-CSharp.csproj
	EndGlobalSection
EndGlobal
